{
  "name": "stratosphere",
  "version": "1.0.0",
  "lockfileVersion": 1,
  "requires": true,
  "dependencies": {
    "babel-runtime": {
      "version": "https://registry.npmjs.org/babel-runtime/-/babel-runtime-6.26.0.tgz",
      "integrity": "sha1-llxwWGaOgrVde/4E/yM3vItWR/4=",
      "requires": {
        "core-js": "https://registry.npmjs.org/core-js/-/core-js-2.5.3.tgz",
        "regenerator-runtime": "https://registry.npmjs.org/regenerator-runtime/-/regenerator-runtime-0.11.1.tgz"
      }
    },
    "bcrypt": {
      "version": "0.8.7",
      "resolved": "https://registry.npmjs.org/bcrypt/-/bcrypt-0.8.7.tgz",
      "integrity": "sha1-vDh1qa/Qp7LNIxpqfyGKXOFWsJM=",
      "requires": {
        "bindings": "1.2.1",
        "nan": "2.3.5"
      }
    },
    "bindings": {
      "version": "1.2.1",
      "resolved": "https://registry.npmjs.org/bindings/-/bindings-1.2.1.tgz",
      "integrity": "sha1-FK1hE4EtLTfXLme0ystLtyZQXxE="
    },
    "core-js": {
      "version": "https://registry.npmjs.org/core-js/-/core-js-2.5.3.tgz",
      "integrity": "sha1-isw4NFgk8W2DZbfJtCWRaOjtYD4="
    },
    "deep-equal": {
      "version": "https://registry.npmjs.org/deep-equal/-/deep-equal-1.0.1.tgz",
      "integrity": "sha1-9dJgKStmDghO/0zbyfCK0yR0SLU=",
      "dev": true
    },
    "fibers": {
      "version": "https://registry.npmjs.org/fibers/-/fibers-1.0.15.tgz",
      "integrity": "sha1-IvA5yPGLhWGQ+75N7PBWFUwerpw="
    },
    "inherits": {
      "version": "2.0.3",
      "resolved": "https://registry.npmjs.org/inherits/-/inherits-2.0.3.tgz",
      "integrity": "sha1-Yzwsg+PaQqUC9SRmAiSA9CCCYd4="
    },
    "isarray": {
      "version": "1.0.0",
      "resolved": "https://registry.npmjs.org/isarray/-/isarray-1.0.0.tgz",
      "integrity": "sha1-u5NdSFgsuhaMBoNJV6VKPgcSTxE="
    },
    "meteor-node-stubs": {
      "version": "https://registry.npmjs.org/meteor-node-stubs/-/meteor-node-stubs-0.3.3.tgz",
      "integrity": "sha1-QDfsRkVzZCsO/uOWGmSaSBj3lts=",
      "requires": {
        "assert": "https://registry.npmjs.org/assert/-/assert-1.4.1.tgz",
        "browserify-zlib": "https://registry.npmjs.org/browserify-zlib/-/browserify-zlib-0.1.4.tgz",
        "buffer": "https://registry.npmjs.org/buffer/-/buffer-4.9.1.tgz",
        "console-browserify": "https://registry.npmjs.org/console-browserify/-/console-browserify-1.1.0.tgz",
        "constants-browserify": "https://registry.npmjs.org/constants-browserify/-/constants-browserify-1.0.0.tgz",
        "crypto-browserify": "https://registry.npmjs.org/crypto-browserify/-/crypto-browserify-3.12.0.tgz",
        "domain-browser": "https://registry.npmjs.org/domain-browser/-/domain-browser-1.2.0.tgz",
        "events": "https://registry.npmjs.org/events/-/events-1.1.1.tgz",
        "https-browserify": "https://registry.npmjs.org/https-browserify/-/https-browserify-0.0.1.tgz",
        "os-browserify": "https://registry.npmjs.org/os-browserify/-/os-browserify-0.2.1.tgz",
        "path-browserify": "https://registry.npmjs.org/path-browserify/-/path-browserify-0.0.0.tgz",
        "process": "https://registry.npmjs.org/process/-/process-0.11.10.tgz",
        "punycode": "https://registry.npmjs.org/punycode/-/punycode-1.4.1.tgz",
        "querystring-es3": "https://registry.npmjs.org/querystring-es3/-/querystring-es3-0.2.1.tgz",
        "readable-stream": "git+https://github.com/meteor/readable-stream.git#c688cdd193549919b840e8d72a86682d91961e12",
        "stream-browserify": "https://registry.npmjs.org/stream-browserify/-/stream-browserify-2.0.1.tgz",
        "stream-http": "https://registry.npmjs.org/stream-http/-/stream-http-2.8.0.tgz",
        "string_decoder": "https://registry.npmjs.org/string_decoder/-/string_decoder-1.1.0.tgz",
        "timers-browserify": "https://registry.npmjs.org/timers-browserify/-/timers-browserify-1.4.2.tgz",
        "tty-browserify": "https://registry.npmjs.org/tty-browserify/-/tty-browserify-0.0.0.tgz",
        "url": "https://registry.npmjs.org/url/-/url-0.11.0.tgz",
        "util": "https://registry.npmjs.org/util/-/util-0.10.3.tgz",
        "vm-browserify": "https://registry.npmjs.org/vm-browserify/-/vm-browserify-0.0.4.tgz"
      },
      "dependencies": {
        "asn1.js": {
          "version": "https://registry.npmjs.org/asn1.js/-/asn1.js-4.10.1.tgz",
          "integrity": "sha512-p32cOF5q0Zqs9uBiONKYLm6BClCoBCM5O9JfeUSlnQLBTxYdTK+pW+nXflm8UkKd2UYlEbYz5qEi0JuZR9ckSw==",
          "requires": {
            "bn.js": "https://registry.npmjs.org/bn.js/-/bn.js-4.11.8.tgz",
            "inherits": "https://registry.npmjs.org/inherits/-/inherits-2.0.1.tgz",
            "minimalistic-assert": "https://registry.npmjs.org/minimalistic-assert/-/minimalistic-assert-1.0.0.tgz"
          }
        },
        "assert": {
          "version": "https://registry.npmjs.org/assert/-/assert-1.4.1.tgz",
          "integrity": "sha1-mZEtWRg2tab1s0XA8H7vwI/GXZE=",
          "requires": {
            "util": "https://registry.npmjs.org/util/-/util-0.10.3.tgz"
          }
        },
        "base64-js": {
          "version": "https://registry.npmjs.org/base64-js/-/base64-js-1.2.3.tgz",
          "integrity": "sha512-MsAhsUW1GxCdgYSO6tAfZrNapmUKk7mWx/k5mFY/A1gBtkaCaNapTg+FExCw1r9yeaZhqx/xPg43xgTFH6KL5w=="
        },
        "bn.js": {
          "version": "https://registry.npmjs.org/bn.js/-/bn.js-4.11.8.tgz",
          "integrity": "sha512-ItfYfPLkWHUjckQCk8xC+LwxgK8NYcXywGigJgSwOP8Y2iyWT4f2vsZnoOXTTbo+o5yXmIUJ4gn5538SO5S3gA=="
        },
        "brorand": {
          "version": "https://registry.npmjs.org/brorand/-/brorand-1.1.0.tgz",
          "integrity": "sha1-EsJe/kCkXjwyPrhnWgoM5XsiNx8="
        },
        "browserify-aes": {
          "version": "https://registry.npmjs.org/browserify-aes/-/browserify-aes-1.1.1.tgz",
          "integrity": "sha512-UGnTYAnB2a3YuYKIRy1/4FB2HdM866E0qC46JXvVTYKlBlZlnvfpSfY6OKfXZAkv70eJ2a1SqzpAo5CRhZGDFg==",
          "requires": {
            "buffer-xor": "https://registry.npmjs.org/buffer-xor/-/buffer-xor-1.0.3.tgz",
            "cipher-base": "https://registry.npmjs.org/cipher-base/-/cipher-base-1.0.4.tgz",
            "create-hash": "https://registry.npmjs.org/create-hash/-/create-hash-1.1.3.tgz",
            "evp_bytestokey": "https://registry.npmjs.org/evp_bytestokey/-/evp_bytestokey-1.0.3.tgz",
            "inherits": "https://registry.npmjs.org/inherits/-/inherits-2.0.1.tgz",
            "safe-buffer": "https://registry.npmjs.org/safe-buffer/-/safe-buffer-5.1.1.tgz"
          }
        },
        "browserify-cipher": {
          "version": "https://registry.npmjs.org/browserify-cipher/-/browserify-cipher-1.0.0.tgz",
          "integrity": "sha1-mYgkSHS/XtTijalWZtzWasj8Njo=",
          "requires": {
            "browserify-aes": "https://registry.npmjs.org/browserify-aes/-/browserify-aes-1.1.1.tgz",
            "browserify-des": "https://registry.npmjs.org/browserify-des/-/browserify-des-1.0.0.tgz",
            "evp_bytestokey": "https://registry.npmjs.org/evp_bytestokey/-/evp_bytestokey-1.0.3.tgz"
          }
        },
        "browserify-des": {
          "version": "https://registry.npmjs.org/browserify-des/-/browserify-des-1.0.0.tgz",
          "integrity": "sha1-2qJ3cXRwki7S/hhZQRihdUOXId0=",
          "requires": {
            "cipher-base": "https://registry.npmjs.org/cipher-base/-/cipher-base-1.0.4.tgz",
            "des.js": "https://registry.npmjs.org/des.js/-/des.js-1.0.0.tgz",
            "inherits": "https://registry.npmjs.org/inherits/-/inherits-2.0.1.tgz"
          }
        },
        "browserify-rsa": {
          "version": "https://registry.npmjs.org/browserify-rsa/-/browserify-rsa-4.0.1.tgz",
          "integrity": "sha1-IeCr+vbyApzy+vsTNWenAdQTVSQ=",
          "requires": {
            "bn.js": "https://registry.npmjs.org/bn.js/-/bn.js-4.11.8.tgz",
            "randombytes": "https://registry.npmjs.org/randombytes/-/randombytes-2.0.6.tgz"
          }
        },
        "browserify-sign": {
          "version": "https://registry.npmjs.org/browserify-sign/-/browserify-sign-4.0.4.tgz",
          "integrity": "sha1-qk62jl17ZYuqa/alfmMMvXqT0pg=",
          "requires": {
            "bn.js": "https://registry.npmjs.org/bn.js/-/bn.js-4.11.8.tgz",
            "browserify-rsa": "https://registry.npmjs.org/browserify-rsa/-/browserify-rsa-4.0.1.tgz",
            "create-hash": "https://registry.npmjs.org/create-hash/-/create-hash-1.1.3.tgz",
            "create-hmac": "https://registry.npmjs.org/create-hmac/-/create-hmac-1.1.6.tgz",
            "elliptic": "https://registry.npmjs.org/elliptic/-/elliptic-6.4.0.tgz",
            "inherits": "https://registry.npmjs.org/inherits/-/inherits-2.0.1.tgz",
            "parse-asn1": "https://registry.npmjs.org/parse-asn1/-/parse-asn1-5.1.0.tgz"
          }
        },
        "browserify-zlib": {
          "version": "https://registry.npmjs.org/browserify-zlib/-/browserify-zlib-0.1.4.tgz",
          "integrity": "sha1-uzX4pRn2AOD6a4SFJByXnQFB+y0=",
          "requires": {
            "pako": "https://registry.npmjs.org/pako/-/pako-0.2.9.tgz"
          }
        },
        "buffer": {
          "version": "https://registry.npmjs.org/buffer/-/buffer-4.9.1.tgz",
          "integrity": "sha1-bRu2AbB6TvztlwlBMgkwJ8lbwpg=",
          "requires": {
            "base64-js": "https://registry.npmjs.org/base64-js/-/base64-js-1.2.3.tgz",
            "ieee754": "https://registry.npmjs.org/ieee754/-/ieee754-1.1.8.tgz",
            "isarray": "https://registry.npmjs.org/isarray/-/isarray-1.0.0.tgz"
          }
        },
        "buffer-xor": {
          "version": "https://registry.npmjs.org/buffer-xor/-/buffer-xor-1.0.3.tgz",
          "integrity": "sha1-JuYe0UIvtw3ULm42cp7VHYVf6Nk="
        },
        "builtin-status-codes": {
          "version": "https://registry.npmjs.org/builtin-status-codes/-/builtin-status-codes-3.0.0.tgz",
          "integrity": "sha1-hZgoeOIbmOHGZCXgPQF0eI9Wnug="
        },
        "cipher-base": {
          "version": "https://registry.npmjs.org/cipher-base/-/cipher-base-1.0.4.tgz",
          "integrity": "sha512-Kkht5ye6ZGmwv40uUDZztayT2ThLQGfnj/T71N/XzeZeo3nf8foyW7zGTsPYkEya3m5f3cAypH+qe7YOrM1U2Q==",
          "requires": {
            "inherits": "https://registry.npmjs.org/inherits/-/inherits-2.0.1.tgz",
            "safe-buffer": "https://registry.npmjs.org/safe-buffer/-/safe-buffer-5.1.1.tgz"
          }
        },
        "console-browserify": {
          "version": "https://registry.npmjs.org/console-browserify/-/console-browserify-1.1.0.tgz",
          "integrity": "sha1-8CQcRXMKn8YyOyBtvzjtx0HQuxA=",
          "requires": {
            "date-now": "https://registry.npmjs.org/date-now/-/date-now-0.1.4.tgz"
          }
        },
        "constants-browserify": {
          "version": "https://registry.npmjs.org/constants-browserify/-/constants-browserify-1.0.0.tgz",
          "integrity": "sha1-wguW2MYXdIqvHBYCF2DNJ/y4y3U="
        },
        "create-ecdh": {
          "version": "https://registry.npmjs.org/create-ecdh/-/create-ecdh-4.0.0.tgz",
          "integrity": "sha1-iIxyNZbN92EvZJgjPuvXo1MBc30=",
          "requires": {
            "bn.js": "https://registry.npmjs.org/bn.js/-/bn.js-4.11.8.tgz",
            "elliptic": "https://registry.npmjs.org/elliptic/-/elliptic-6.4.0.tgz"
          }
        },
        "create-hash": {
          "version": "https://registry.npmjs.org/create-hash/-/create-hash-1.1.3.tgz",
          "integrity": "sha1-YGBCrIuSYnUPSDyt2rD1gZFy2P0=",
          "requires": {
            "cipher-base": "https://registry.npmjs.org/cipher-base/-/cipher-base-1.0.4.tgz",
            "inherits": "https://registry.npmjs.org/inherits/-/inherits-2.0.1.tgz",
            "ripemd160": "https://registry.npmjs.org/ripemd160/-/ripemd160-2.0.1.tgz",
            "sha.js": "https://registry.npmjs.org/sha.js/-/sha.js-2.4.10.tgz"
          }
        },
        "create-hmac": {
          "version": "https://registry.npmjs.org/create-hmac/-/create-hmac-1.1.6.tgz",
          "integrity": "sha1-rLniIaThe9sHbpBlfEK5PjcmzwY=",
          "requires": {
            "cipher-base": "https://registry.npmjs.org/cipher-base/-/cipher-base-1.0.4.tgz",
            "create-hash": "https://registry.npmjs.org/create-hash/-/create-hash-1.1.3.tgz",
            "inherits": "https://registry.npmjs.org/inherits/-/inherits-2.0.1.tgz",
            "ripemd160": "https://registry.npmjs.org/ripemd160/-/ripemd160-2.0.1.tgz",
            "safe-buffer": "https://registry.npmjs.org/safe-buffer/-/safe-buffer-5.1.1.tgz",
            "sha.js": "https://registry.npmjs.org/sha.js/-/sha.js-2.4.10.tgz"
          }
        },
        "crypto-browserify": {
          "version": "https://registry.npmjs.org/crypto-browserify/-/crypto-browserify-3.12.0.tgz",
          "integrity": "sha512-fz4spIh+znjO2VjL+IdhEpRJ3YN6sMzITSBijk6FK2UvTqruSQW+/cCZTSNsMiZNvUeq0CqurF+dAbyiGOY6Wg==",
          "requires": {
            "browserify-cipher": "https://registry.npmjs.org/browserify-cipher/-/browserify-cipher-1.0.0.tgz",
            "browserify-sign": "https://registry.npmjs.org/browserify-sign/-/browserify-sign-4.0.4.tgz",
            "create-ecdh": "https://registry.npmjs.org/create-ecdh/-/create-ecdh-4.0.0.tgz",
            "create-hash": "https://registry.npmjs.org/create-hash/-/create-hash-1.1.3.tgz",
            "create-hmac": "https://registry.npmjs.org/create-hmac/-/create-hmac-1.1.6.tgz",
            "diffie-hellman": "https://registry.npmjs.org/diffie-hellman/-/diffie-hellman-5.0.2.tgz",
            "inherits": "https://registry.npmjs.org/inherits/-/inherits-2.0.1.tgz",
            "pbkdf2": "https://registry.npmjs.org/pbkdf2/-/pbkdf2-3.0.14.tgz",
            "public-encrypt": "https://registry.npmjs.org/public-encrypt/-/public-encrypt-4.0.0.tgz",
            "randombytes": "https://registry.npmjs.org/randombytes/-/randombytes-2.0.6.tgz",
            "randomfill": "https://registry.npmjs.org/randomfill/-/randomfill-1.0.4.tgz"
          }
        },
        "date-now": {
          "version": "https://registry.npmjs.org/date-now/-/date-now-0.1.4.tgz",
          "integrity": "sha1-6vQ5/U1ISK105cx9vvIAZyueNFs="
        },
        "des.js": {
          "version": "https://registry.npmjs.org/des.js/-/des.js-1.0.0.tgz",
          "integrity": "sha1-wHTS4qpqipoH29YfmhXCzYPsjsw=",
          "requires": {
            "inherits": "https://registry.npmjs.org/inherits/-/inherits-2.0.1.tgz",
            "minimalistic-assert": "https://registry.npmjs.org/minimalistic-assert/-/minimalistic-assert-1.0.0.tgz"
          }
        },
        "diffie-hellman": {
          "version": "https://registry.npmjs.org/diffie-hellman/-/diffie-hellman-5.0.2.tgz",
          "integrity": "sha1-tYNXOScM/ias9jIJn97SoH8gnl4=",
          "requires": {
            "bn.js": "https://registry.npmjs.org/bn.js/-/bn.js-4.11.8.tgz",
            "miller-rabin": "https://registry.npmjs.org/miller-rabin/-/miller-rabin-4.0.1.tgz",
            "randombytes": "https://registry.npmjs.org/randombytes/-/randombytes-2.0.6.tgz"
          }
        },
        "domain-browser": {
          "version": "https://registry.npmjs.org/domain-browser/-/domain-browser-1.2.0.tgz",
          "integrity": "sha512-jnjyiM6eRyZl2H+W8Q/zLMA481hzi0eszAaBUzIVnmYVDBbnLxVNnfu1HgEBvCbL+71FrxMl3E6lpKH7Ge3OXA=="
        },
        "elliptic": {
          "version": "https://registry.npmjs.org/elliptic/-/elliptic-6.4.0.tgz",
          "integrity": "sha1-ysmvh2LIWDYYcAPI3+GT5eLq5d8=",
          "requires": {
            "bn.js": "https://registry.npmjs.org/bn.js/-/bn.js-4.11.8.tgz",
            "brorand": "https://registry.npmjs.org/brorand/-/brorand-1.1.0.tgz",
            "hash.js": "https://registry.npmjs.org/hash.js/-/hash.js-1.1.3.tgz",
            "hmac-drbg": "https://registry.npmjs.org/hmac-drbg/-/hmac-drbg-1.0.1.tgz",
            "inherits": "https://registry.npmjs.org/inherits/-/inherits-2.0.1.tgz",
            "minimalistic-assert": "https://registry.npmjs.org/minimalistic-assert/-/minimalistic-assert-1.0.0.tgz",
            "minimalistic-crypto-utils": "https://registry.npmjs.org/minimalistic-crypto-utils/-/minimalistic-crypto-utils-1.0.1.tgz"
          }
        },
        "events": {
          "version": "https://registry.npmjs.org/events/-/events-1.1.1.tgz",
          "integrity": "sha1-nr23Y1rQmccNzEwqH1AEKI6L2SQ="
        },
        "evp_bytestokey": {
          "version": "https://registry.npmjs.org/evp_bytestokey/-/evp_bytestokey-1.0.3.tgz",
          "integrity": "sha512-/f2Go4TognH/KvCISP7OUsHn85hT9nUkxxA9BEWxFn+Oj9o8ZNLm/40hdlgSLyuOimsrTKLUMEorQexp/aPQeA==",
          "requires": {
            "md5.js": "https://registry.npmjs.org/md5.js/-/md5.js-1.3.4.tgz",
            "safe-buffer": "https://registry.npmjs.org/safe-buffer/-/safe-buffer-5.1.1.tgz"
          }
        },
        "hash-base": {
          "version": "https://registry.npmjs.org/hash-base/-/hash-base-2.0.2.tgz",
          "integrity": "sha1-ZuodhW206KVHDK32/OI65SRO8uE=",
          "requires": {
            "inherits": "https://registry.npmjs.org/inherits/-/inherits-2.0.1.tgz"
          }
        },
        "hash.js": {
          "version": "https://registry.npmjs.org/hash.js/-/hash.js-1.1.3.tgz",
          "integrity": "sha512-/UETyP0W22QILqS+6HowevwhEFJ3MBJnwTf75Qob9Wz9t0DPuisL8kW8YZMK62dHAKE1c1p+gY1TtOLY+USEHA==",
          "requires": {
            "inherits": "https://registry.npmjs.org/inherits/-/inherits-2.0.3.tgz",
            "minimalistic-assert": "https://registry.npmjs.org/minimalistic-assert/-/minimalistic-assert-1.0.0.tgz"
          },
          "dependencies": {
            "inherits": {
              "version": "https://registry.npmjs.org/inherits/-/inherits-2.0.3.tgz",
              "integrity": "sha1-Yzwsg+PaQqUC9SRmAiSA9CCCYd4="
            }
          }
        },
        "hmac-drbg": {
          "version": "https://registry.npmjs.org/hmac-drbg/-/hmac-drbg-1.0.1.tgz",
          "integrity": "sha1-0nRXAQJabHdabFRXk+1QL8DGSaE=",
          "requires": {
            "hash.js": "https://registry.npmjs.org/hash.js/-/hash.js-1.1.3.tgz",
            "minimalistic-assert": "https://registry.npmjs.org/minimalistic-assert/-/minimalistic-assert-1.0.0.tgz",
            "minimalistic-crypto-utils": "https://registry.npmjs.org/minimalistic-crypto-utils/-/minimalistic-crypto-utils-1.0.1.tgz"
          }
        },
        "https-browserify": {
          "version": "https://registry.npmjs.org/https-browserify/-/https-browserify-0.0.1.tgz",
          "integrity": "sha1-P5E2XKvmC3ftDruiS0VOPgnZWoI="
        },
        "ieee754": {
          "version": "https://registry.npmjs.org/ieee754/-/ieee754-1.1.8.tgz",
          "integrity": "sha1-vjPUCsEO8ZJnAfbwii2G+/0a0+Q="
        },
        "indexof": {
          "version": "https://registry.npmjs.org/indexof/-/indexof-0.0.1.tgz",
          "integrity": "sha1-gtwzbSMrkGIXnQWrMpOmYFn9Q10="
        },
        "inherits": {
          "version": "https://registry.npmjs.org/inherits/-/inherits-2.0.1.tgz",
          "integrity": "sha1-sX0I0ya0Qj5Wjv9xn5GwscvfafE="
        },
        "isarray": {
          "version": "https://registry.npmjs.org/isarray/-/isarray-1.0.0.tgz",
          "integrity": "sha1-u5NdSFgsuhaMBoNJV6VKPgcSTxE="
        },
        "md5.js": {
          "version": "https://registry.npmjs.org/md5.js/-/md5.js-1.3.4.tgz",
          "integrity": "sha1-6b296UogpawYsENA/Fdk1bCdkB0=",
          "requires": {
            "hash-base": "https://registry.npmjs.org/hash-base/-/hash-base-3.0.4.tgz",
            "inherits": "https://registry.npmjs.org/inherits/-/inherits-2.0.1.tgz"
          },
          "dependencies": {
            "hash-base": {
              "version": "https://registry.npmjs.org/hash-base/-/hash-base-3.0.4.tgz",
              "integrity": "sha1-X8hoaEfs1zSZQDMZprCj8/auSRg=",
              "requires": {
                "inherits": "https://registry.npmjs.org/inherits/-/inherits-2.0.1.tgz",
                "safe-buffer": "https://registry.npmjs.org/safe-buffer/-/safe-buffer-5.1.1.tgz"
              }
            }
          }
        },
        "miller-rabin": {
          "version": "https://registry.npmjs.org/miller-rabin/-/miller-rabin-4.0.1.tgz",
          "integrity": "sha512-115fLhvZVqWwHPbClyntxEVfVDfl9DLLTuJvq3g2O/Oxi8AiNouAHvDSzHS0viUJc+V5vm3eq91Xwqn9dp4jRA==",
          "requires": {
            "bn.js": "https://registry.npmjs.org/bn.js/-/bn.js-4.11.8.tgz",
            "brorand": "https://registry.npmjs.org/brorand/-/brorand-1.1.0.tgz"
          }
        },
        "minimalistic-assert": {
          "version": "https://registry.npmjs.org/minimalistic-assert/-/minimalistic-assert-1.0.0.tgz",
          "integrity": "sha1-cCvi3aazf0g2vLP121ZkG2Sh09M="
        },
        "minimalistic-crypto-utils": {
          "version": "https://registry.npmjs.org/minimalistic-crypto-utils/-/minimalistic-crypto-utils-1.0.1.tgz",
          "integrity": "sha1-9sAMHAsIIkblxNmd+4x8CDsrWCo="
        },
        "os-browserify": {
          "version": "https://registry.npmjs.org/os-browserify/-/os-browserify-0.2.1.tgz",
          "integrity": "sha1-Y/xMzuXS13Y9Jrv4YBB45sLgBE8="
        },
        "pako": {
          "version": "https://registry.npmjs.org/pako/-/pako-0.2.9.tgz",
          "integrity": "sha1-8/dSL073gjSNqBYbrZ7P1Rv4OnU="
        },
        "parse-asn1": {
          "version": "https://registry.npmjs.org/parse-asn1/-/parse-asn1-5.1.0.tgz",
          "integrity": "sha1-N8T5t+06tlx0gXtfJICTf7+XxxI=",
          "requires": {
            "asn1.js": "https://registry.npmjs.org/asn1.js/-/asn1.js-4.10.1.tgz",
            "browserify-aes": "https://registry.npmjs.org/browserify-aes/-/browserify-aes-1.1.1.tgz",
            "create-hash": "https://registry.npmjs.org/create-hash/-/create-hash-1.1.3.tgz",
            "evp_bytestokey": "https://registry.npmjs.org/evp_bytestokey/-/evp_bytestokey-1.0.3.tgz",
            "pbkdf2": "https://registry.npmjs.org/pbkdf2/-/pbkdf2-3.0.14.tgz"
          }
        },
        "path-browserify": {
          "version": "https://registry.npmjs.org/path-browserify/-/path-browserify-0.0.0.tgz",
          "integrity": "sha1-oLhwcpquIUAFt9UDLsLLuw+0RRo="
        },
        "pbkdf2": {
          "version": "https://registry.npmjs.org/pbkdf2/-/pbkdf2-3.0.14.tgz",
          "integrity": "sha512-gjsZW9O34fm0R7PaLHRJmLLVfSoesxztjPjE9o6R+qtVJij90ltg1joIovN9GKrRW3t1PzhDDG3UMEMFfZ+1wA==",
          "requires": {
            "create-hash": "https://registry.npmjs.org/create-hash/-/create-hash-1.1.3.tgz",
            "create-hmac": "https://registry.npmjs.org/create-hmac/-/create-hmac-1.1.6.tgz",
            "ripemd160": "https://registry.npmjs.org/ripemd160/-/ripemd160-2.0.1.tgz",
            "safe-buffer": "https://registry.npmjs.org/safe-buffer/-/safe-buffer-5.1.1.tgz",
            "sha.js": "https://registry.npmjs.org/sha.js/-/sha.js-2.4.10.tgz"
          }
        },
        "process": {
          "version": "https://registry.npmjs.org/process/-/process-0.11.10.tgz",
          "integrity": "sha1-czIwDoQBYb2j5podHZGn1LwW8YI="
        },
        "public-encrypt": {
          "version": "https://registry.npmjs.org/public-encrypt/-/public-encrypt-4.0.0.tgz",
          "integrity": "sha1-OfaZ86RlYN1eusvKaTyvfGXBjMY=",
          "requires": {
            "bn.js": "https://registry.npmjs.org/bn.js/-/bn.js-4.11.8.tgz",
            "browserify-rsa": "https://registry.npmjs.org/browserify-rsa/-/browserify-rsa-4.0.1.tgz",
            "create-hash": "https://registry.npmjs.org/create-hash/-/create-hash-1.1.3.tgz",
            "parse-asn1": "https://registry.npmjs.org/parse-asn1/-/parse-asn1-5.1.0.tgz",
            "randombytes": "https://registry.npmjs.org/randombytes/-/randombytes-2.0.6.tgz"
          }
        },
        "punycode": {
          "version": "https://registry.npmjs.org/punycode/-/punycode-1.4.1.tgz",
          "integrity": "sha1-wNWmOycYgArY4esPpSachN1BhF4="
        },
        "querystring": {
          "version": "https://registry.npmjs.org/querystring/-/querystring-0.2.0.tgz",
          "integrity": "sha1-sgmEkgO7Jd+CDadW50cAWHhSFiA="
        },
        "querystring-es3": {
          "version": "https://registry.npmjs.org/querystring-es3/-/querystring-es3-0.2.1.tgz",
          "integrity": "sha1-nsYfeQSYdXB9aUFFlv2Qek1xHnM="
        },
        "randombytes": {
          "version": "https://registry.npmjs.org/randombytes/-/randombytes-2.0.6.tgz",
          "integrity": "sha512-CIQ5OFxf4Jou6uOKe9t1AOgqpeU5fd70A8NPdHSGeYXqXsPe6peOwI0cUl88RWZ6sP1vPMV3avd/R6cZ5/sP1A==",
          "requires": {
            "safe-buffer": "https://registry.npmjs.org/safe-buffer/-/safe-buffer-5.1.1.tgz"
          }
        },
        "randomfill": {
          "version": "https://registry.npmjs.org/randomfill/-/randomfill-1.0.4.tgz",
          "integrity": "sha512-87lcbR8+MhcWcUiQ+9e+Rwx8MyR2P7qnt15ynUlbm3TU/fjbgz4GsvfSUDTemtCCtVCqb4ZcEFlyPNTh9bBTLw==",
          "requires": {
            "randombytes": "https://registry.npmjs.org/randombytes/-/randombytes-2.0.6.tgz",
            "safe-buffer": "https://registry.npmjs.org/safe-buffer/-/safe-buffer-5.1.1.tgz"
          }
        },
        "ripemd160": {
          "version": "https://registry.npmjs.org/ripemd160/-/ripemd160-2.0.1.tgz",
          "integrity": "sha1-D0WEKVxTo2KK9+bXmsohzlfRxuc=",
          "requires": {
            "hash-base": "https://registry.npmjs.org/hash-base/-/hash-base-2.0.2.tgz",
            "inherits": "https://registry.npmjs.org/inherits/-/inherits-2.0.1.tgz"
          }
        },
        "safe-buffer": {
          "version": "https://registry.npmjs.org/safe-buffer/-/safe-buffer-5.1.1.tgz",
          "integrity": "sha512-kKvNJn6Mm93gAczWVJg7wH+wGYWNrDHdWvpUmHyEsgCtIwwo3bqPtV4tR5tuPaUhTOo/kvhVwd8XwwOllGYkbg=="
        },
        "sha.js": {
          "version": "https://registry.npmjs.org/sha.js/-/sha.js-2.4.10.tgz",
          "integrity": "sha512-vnwmrFDlOExK4Nm16J2KMWHLrp14lBrjxMxBJpu++EnsuBmpiYaM/MEs46Vxxm/4FvdP5yTwuCTO9it5FSjrqA==",
          "requires": {
            "inherits": "https://registry.npmjs.org/inherits/-/inherits-2.0.1.tgz",
            "safe-buffer": "https://registry.npmjs.org/safe-buffer/-/safe-buffer-5.1.1.tgz"
          }
        },
        "stream-browserify": {
          "version": "https://registry.npmjs.org/stream-browserify/-/stream-browserify-2.0.1.tgz",
          "integrity": "sha1-ZiZu5fm9uZQKTkUUyvtDu3Hlyds=",
          "requires": {
            "inherits": "https://registry.npmjs.org/inherits/-/inherits-2.0.1.tgz",
            "readable-stream": "git+https://github.com/meteor/readable-stream.git#c688cdd193549919b840e8d72a86682d91961e12"
          }
        },
        "stream-http": {
          "version": "https://registry.npmjs.org/stream-http/-/stream-http-2.8.0.tgz",
          "integrity": "sha512-sZOFxI/5xw058XIRHl4dU3dZ+TTOIGJR78Dvo0oEAejIt4ou27k+3ne1zYmCV+v7UucbxIFQuOgnkTVHh8YPnw==",
          "requires": {
            "builtin-status-codes": "https://registry.npmjs.org/builtin-status-codes/-/builtin-status-codes-3.0.0.tgz",
            "inherits": "https://registry.npmjs.org/inherits/-/inherits-2.0.1.tgz",
            "readable-stream": "git+https://github.com/meteor/readable-stream.git#c688cdd193549919b840e8d72a86682d91961e12",
            "to-arraybuffer": "https://registry.npmjs.org/to-arraybuffer/-/to-arraybuffer-1.0.1.tgz",
            "xtend": "https://registry.npmjs.org/xtend/-/xtend-4.0.1.tgz"
          }
        },
        "string_decoder": {
          "version": "https://registry.npmjs.org/string_decoder/-/string_decoder-1.1.0.tgz",
          "integrity": "sha512-8zQpRF6juocE69ae7CSPmYEGJe4VCXwP6S6dxUWI7i53Gwv54/ec41fiUA+X7BPGGv7fRSQJjBQVa0gomGaOgg==",
          "requires": {
            "safe-buffer": "https://registry.npmjs.org/safe-buffer/-/safe-buffer-5.1.1.tgz"
          }
        },
        "timers-browserify": {
          "version": "https://registry.npmjs.org/timers-browserify/-/timers-browserify-1.4.2.tgz",
          "integrity": "sha1-ycWLV1voQHN1y14kYtrO50NZ9B0=",
          "requires": {
            "process": "https://registry.npmjs.org/process/-/process-0.11.10.tgz"
          }
        },
        "to-arraybuffer": {
          "version": "https://registry.npmjs.org/to-arraybuffer/-/to-arraybuffer-1.0.1.tgz",
          "integrity": "sha1-fSKbH8xjfkZsoIEYCDanqr/4P0M="
        },
        "tty-browserify": {
          "version": "https://registry.npmjs.org/tty-browserify/-/tty-browserify-0.0.0.tgz",
          "integrity": "sha1-oVe6QC2iTpv5V/mqadUk7tQpAaY="
        },
        "url": {
          "version": "https://registry.npmjs.org/url/-/url-0.11.0.tgz",
          "integrity": "sha1-ODjpfPxgUh63PFJajlW/3Z4uKPE=",
          "requires": {
            "punycode": "https://registry.npmjs.org/punycode/-/punycode-1.3.2.tgz",
            "querystring": "https://registry.npmjs.org/querystring/-/querystring-0.2.0.tgz"
          },
          "dependencies": {
            "punycode": {
              "version": "https://registry.npmjs.org/punycode/-/punycode-1.3.2.tgz",
              "integrity": "sha1-llOgNvt8HuQjQvIyXM7v6jkmxI0="
            }
          }
        },
        "util": {
          "version": "https://registry.npmjs.org/util/-/util-0.10.3.tgz",
          "integrity": "sha1-evsa/lCAUkZInj23/g7TeTNqwPk=",
          "requires": {
            "inherits": "https://registry.npmjs.org/inherits/-/inherits-2.0.1.tgz"
          }
        },
        "vm-browserify": {
          "version": "https://registry.npmjs.org/vm-browserify/-/vm-browserify-0.0.4.tgz",
          "integrity": "sha1-XX6kW7755Kb/ZflUOOCofDV9WnM=",
          "requires": {
            "indexof": "https://registry.npmjs.org/indexof/-/indexof-0.0.1.tgz"
          }
        },
        "xtend": {
          "version": "https://registry.npmjs.org/xtend/-/xtend-4.0.1.tgz",
          "integrity": "sha1-pcbVMr5lbiPbgg77lDofBJmNY68="
        }
      }
    },
    "nan": {
      "version": "2.3.5",
      "resolved": "https://registry.npmjs.org/nan/-/nan-2.3.5.tgz",
      "integrity": "sha1-gioNwmYpDOTNOhIoLKPn42Rmigg="
    },
    "process-nextick-args": {
      "version": "2.0.0",
      "resolved": "https://registry.npmjs.org/process-nextick-args/-/process-nextick-args-2.0.0.tgz",
      "integrity": "sha512-MtEC1TqN0EU5nephaJ4rAtThHtC86dNN9qCuEhtshvpVBkAW5ZO7BASN9REnF9eoXGcRub+pFuKEpOHE+HbEMw=="
    },
    "readable-stream": {
      "version": "git+https://github.com/meteor/readable-stream.git#c688cdd193549919b840e8d72a86682d91961e12",
      "requires": {
        "inherits": "2.0.3",
        "isarray": "1.0.0",
        "process-nextick-args": "2.0.0",
        "safe-buffer": "5.1.1",
        "string_decoder": "1.1.0",
        "util-deprecate": "1.0.2"
      }
    },
    "regenerator-runtime": {
      "version": "https://registry.npmjs.org/regenerator-runtime/-/regenerator-runtime-0.11.1.tgz",
      "integrity": "sha1-vgWtf5v30i4Fb5cmzuUBf78Z4uk="
    },
    "safe-buffer": {
      "version": "5.1.1",
      "resolved": "https://registry.npmjs.org/safe-buffer/-/safe-buffer-5.1.1.tgz",
      "integrity": "sha512-kKvNJn6Mm93gAczWVJg7wH+wGYWNrDHdWvpUmHyEsgCtIwwo3bqPtV4tR5tuPaUhTOo/kvhVwd8XwwOllGYkbg=="
    },
    "string_decoder": {
      "version": "1.1.0",
      "resolved": "https://registry.npmjs.org/string_decoder/-/string_decoder-1.1.0.tgz",
      "integrity": "sha512-8zQpRF6juocE69ae7CSPmYEGJe4VCXwP6S6dxUWI7i53Gwv54/ec41fiUA+X7BPGGv7fRSQJjBQVa0gomGaOgg==",
      "requires": {
        "safe-buffer": "5.1.1"
      }
    },
    "util-deprecate": {
      "version": "1.0.2",
      "resolved": "https://registry.npmjs.org/util-deprecate/-/util-deprecate-1.0.2.tgz",
      "integrity": "sha1-RQ1Nyfpw3nMnYvvS1KKJgUGaDM8="
    }
  }
}
